<?xml version="1.0" encoding="utf-8"?>
<Project ToolsVersion="4.0" xmlns="http://schemas.microsoft.com/developer/msbuild/2003">
  <ItemGroup>
    <Filter Include="Quelldateien">
      <UniqueIdentifier>{4FC737F1-C7A5-4376-A066-2A32D752A2FF}</UniqueIdentifier>
      <Extensions>cpp;c;cc;cxx;def;odl;idl;hpj;bat;asm;asmx</Extensions>
    </Filter>
    <Filter Include="Headerdateien">
      <UniqueIdentifier>{93995380-89BD-4b04-88EB-625FBE52EBFB}</UniqueIdentifier>
      <Extensions>h;hh;hpp;hxx;hm;inl;inc;ipp;xsd</Extensions>
    </Filter>
    <Filter Include="Ressourcendateien">
      <UniqueIdentifier>{67DA6AB6-F800-4c08-8B7A-83BB121AAD01}</UniqueIdentifier>
      <Extensions>rc;ico;cur;bmp;dlg;rc2;rct;bin;rgs;gif;jpg;jpeg;jpe;resx;tiff;tif;png;wav;mfcribbon-ms</Extensions>
    </Filter>
  </ItemGroup>
  <ItemGroup>
    <None Include="packages.config" />
    <None Include="msvcp140.dll">
      <Filter>Ressourcendateien</Filter>
    </None>
    <None Include="ucrtbased.dll">
      <Filter>Ressourcendateien</Filter>
    </None>
    <None Include="vcruntime140.dll">
      <Filter>Ressourcendateien</Filter>
    </None>
    <None Include="vcruntime140d.dll">
      <Filter>Ressourcendateien</Filter>
    </None>
  </ItemGroup>
  <ItemGroup>
    <Image Include="about.bmp">
      <Filter>Ressourcendateien</Filter>
    </Image>
    <Image Include="banner.bmp">
      <Filter>Ressourcendateien</Filter>
    </Image>
    <Image Include="gplv3.bmp">
      <Filter>Ressourcendateien</Filter>
    </Image>
    <Image Include="help.bmp">
      <Filter>Ressourcendateien</Filter>
    </Image>
    <Image Include="iconvps.bmp">
      <Filter>Ressourcendateien</Filter>
    </Image>
    <Image Include="iconvps128.ico">
      <Filter>Ressourcendateien</Filter>
    </Image>
  </ItemGroup>
  <ItemGroup>
    <Text Include="configurations.txt">
      <Filter>Ressourcendateien</Filter>
    </Text>
    <Text Include="License.txt">
      <Filter>Ressourcendateien</Filter>
    </Text>
    <Text Include="Readme.txt">
      <Filter>Ressourcendateien</Filter>
    </Text>
    <Text Include="stuff.txt">
      <Filter>Ressourcendateien</Filter>
    </Text>
  </ItemGroup>
  <ItemGroup>
    <Font Include="font1.ttf">
      <Filter>Ressourcendateien</Filter>
    </Font>
    <Font Include="font2.ttf">
      <Filter>Ressourcendateien</Filter>
    </Font>
    <Font Include="font3.ttf">
      <Filter>Ressourcendateien</Filter>
    </Font>
  </ItemGroup>
  <ItemGroup>
    <ClInclude Include="hA1rgbcolors.h">
      <Filter>Headerdateien</Filter>
    </ClInclude>
    <ClInclude Include="hA2structures1.h">
      <Filter>Headerdateien</Filter>
    </ClInclude>
    <ClInclude Include="hA3timestring.h">
      <Filter>Headerdateien</Filter>
    </ClInclude>
    <ClInclude Include="hA4filefunctions.h">
      <Filter>Headerdateien</Filter>
    </ClInclude>
    <ClInclude Include="hA5mathglobals.h">
      <Filter>Headerdateien</Filter>
    </ClInclude>
    <ClInclude Include="hA6systemglobals.h">
      <Filter>Headerdateien</Filter>
    </ClInclude>
    <ClInclude Include="hA7buttonglobals.h">
      <Filter>Headerdateien</Filter>
    </ClInclude>
    <ClInclude Include="hA8resolution.h">
      <Filter>Headerdateien</Filter>
    </ClInclude>
    <ClInclude Include="hA9initcolors.h">
      <Filter>Headerdateien</Filter>
    </ClInclude>
    <ClInclude Include="hA10initsystem.h">
      <Filter>Headerdateien</Filter>
    </ClInclude>
    <ClInclude Include="hA11graphicsmode.h">
      <Filter>Headerdateien</Filter>
    </ClInclude>
    <ClInclude Include="hA12welcome.h">
      <Filter>Headerdateien</Filter>
    </ClInclude>
    <ClInclude Include="hA13defbuffers.h">
      <Filter>Headerdateien</Filter>
    </ClInclude>
    <ClInclude Include="hA14loadhelp.h">
      <Filter>Headerdateien</Filter>
    </ClInclude>
    <ClInclude Include="hA15loadgraphics.h">
      <Filter>Headerdateien</Filter>
    </ClInclude>
    <ClInclude Include="hB1defclassBoundary.h">
      <Filter>Headerdateien</Filter>
    </ClInclude>
    <ClInclude Include="hB2classBoundary1.h">
      <Filter>Headerdateien</Filter>
    </ClInclude>
    <ClInclude Include="hB3classBoundary2.h">
      <Filter>Headerdateien</Filter>
    </ClInclude>
    <ClInclude Include="hB4classBoundary3.h">
      <Filter>Headerdateien</Filter>
    </ClInclude>
    <ClInclude Include="hC1usernumericalinput.h">
      <Filter>Headerdateien</Filter>
    </ClInclude>
    <ClInclude Include="hD1initstate.h">
      <Filter>Headerdateien</Filter>
    </ClInclude>
    <ClInclude Include="hD2sumistates.h">
      <Filter>Headerdateien</Filter>
    </ClInclude>
    <ClInclude Include="hE1getpixstate.h">
      <Filter>Headerdateien</Filter>
    </ClInclude>
    <ClInclude Include="hE2initstategeometrysegm.h">
      <Filter>Headerdateien</Filter>
    </ClInclude>
    <ClInclude Include="hE3initstategeometrycirc.h">
      <Filter>Headerdateien</Filter>
    </ClInclude>
    <ClInclude Include="hE4initstategeometrydisc.h">
      <Filter>Headerdateien</Filter>
    </ClInclude>
    <ClInclude Include="hE5initstategeometryrect.h">
      <Filter>Headerdateien</Filter>
    </ClInclude>
    <ClInclude Include="hF1defclassPix.h">
      <Filter>Headerdateien</Filter>
    </ClInclude>
    <ClInclude Include="hF2classPix1init.h">
      <Filter>Headerdateien</Filter>
    </ClInclude>
    <ClInclude Include="hF3classPix2exy.h">
      <Filter>Headerdateien</Filter>
    </ClInclude>
    <ClInclude Include="hF4classPix3boundary.h">
      <Filter>Headerdateien</Filter>
    </ClInclude>
    <ClInclude Include="hG1defclassprocPix.h">
      <Filter>Headerdateien</Filter>
    </ClInclude>
    <ClInclude Include="hH1defclasspixM.h">
      <Filter>Headerdateien</Filter>
    </ClInclude>
    <ClInclude Include="hH2classpixM1init.h">
      <Filter>Headerdateien</Filter>
    </ClInclude>
    <ClInclude Include="hH3classpixM2loadpixm.h">
      <Filter>Headerdateien</Filter>
    </ClInclude>
    <ClInclude Include="hH4classpixM3setcolorscale.h">
      <Filter>Headerdateien</Filter>
    </ClInclude>
    <ClInclude Include="hH5classpixM4compute.h">
      <Filter>Headerdateien</Filter>
    </ClInclude>
    <ClInclude Include="hH6classpixM5run.h">
      <Filter>Headerdateien</Filter>
    </ClInclude>
    <ClInclude Include="hH7classpixM6getmass.h">
      <Filter>Headerdateien</Filter>
    </ClInclude>
    <ClInclude Include="hH8classpixM7draw.h">
      <Filter>Headerdateien</Filter>
    </ClInclude>
    <ClInclude Include="hI1defclassAnimation.h">
      <Filter>Headerdateien</Filter>
    </ClInclude>
    <ClInclude Include="hI2classAnimation1init.h">
      <Filter>Headerdateien</Filter>
    </ClInclude>
    <ClInclude Include="hI3classAnimation2xx.h">
      <Filter>Headerdateien</Filter>
    </ClInclude>
    <ClInclude Include="hI4classAnimation3exy.h">
      <Filter>Headerdateien</Filter>
    </ClInclude>
    <ClInclude Include="hI5classAnimation4op.h">
      <Filter>Headerdateien</Filter>
    </ClInclude>
    <ClInclude Include="hI6classAnimation5wa.h">
      <Filter>Headerdateien</Filter>
    </ClInclude>
    <ClInclude Include="hI7classAnimation6ip.h">
      <Filter>Headerdateien</Filter>
    </ClInclude>
    <ClInclude Include="hI8classAnimation7save.h">
      <Filter>Headerdateien</Filter>
    </ClInclude>
    <ClInclude Include="hJ1drawingop.h">
      <Filter>Headerdateien</Filter>
    </ClInclude>
    <ClInclude Include="hJ2drawingip.h">
      <Filter>Headerdateien</Filter>
    </ClInclude>
    <ClInclude Include="hJ3drawingwa.h">
      <Filter>Headerdateien</Filter>
    </ClInclude>
    <ClInclude Include="hJ4redrawing.h">
      <Filter>Headerdateien</Filter>
    </ClInclude>
    <ClInclude Include="hJ5buttonactions.h">
      <Filter>Headerdateien</Filter>
    </ClInclude>
    <ClInclude Include="hK1cleaning.h">
      <Filter>Headerdateien</Filter>
    </ClInclude>
    <ClInclude Include="hK2mainflow.h">
      <Filter>Headerdateien</Filter>
    </ClInclude>
    <ClInclude Include="hK3threads.h">
      <Filter>Headerdateien</Filter>
    </ClInclude>
    <ClInclude Include="hA0planckunits.h">
      <Filter>Headerdateien</Filter>
    </ClInclude>
  </ItemGroup>
  <ItemGroup>
    <ClCompile Include="main.cpp">
      <Filter>Quelldateien</Filter>
    </ClCompile>
  </ItemGroup>
</Project>